repository=zhouxingxing1279/LifeTrace
commit=3e358256252631fa6b03fdcfa785d85dd9208293
protocol_version=1
schema_version=1
finance_contract_sha=24719fe60b44044987a5b1908330b96f97fc09f5
registry_sha=cf3fac92ace2c1c858ad9eeadb8f70e562aab6c7
auth_route_sha=df4f29a05ceea7671b7ab0b438cf5f29ecf87bba
sync_route_sha=88fea7e524b82f40adeb1cbf02321c2faefebf23
scope_sha=e02d2b87a9286fb91f23179f11360c343115ac79
auth_openapi_sha=825e065559d66fd7721091680dd84bb21594ce0d
sync_openapi_sha=76a95808c680de81a367b9411cc66891915f5d8d
